Microsoft Visual Studio Solution File, Format Version 11.00
# Visual Studio 2008

Project("{287D8031-31F8-1EF9-CEB2-BA60F660C940}") = "Mummified - Eyes", "Assembly-CSharp.csproj", "{B5FCF588-DA72-43A4-D65D-FC0CC20DC623}"
EndProject
Global
	GlobalSection(SolutionConfigurationPlatforms) = preSolution
		Debug|Any CPU = Debug|Any CPU
		Release|Any CPU = Release|Any CPU
	EndGlobalSection
	GlobalSection(ProjectConfigurationPlatforms) = postSolution
		{B5FCF588-DA72-43A4-D65D-FC0CC20DC623}.Debug|Any CPU.ActiveCfg = Debug|Any CPU
		{B5FCF588-DA72-43A4-D65D-FC0CC20DC623}.Debug|Any CPU.Build.0 = Debug|Any CPU
		{B5FCF588-DA72-43A4-D65D-FC0CC20DC623}.Release|Any CPU.ActiveCfg = Release|Any CPU
		{B5FCF588-DA72-43A4-D65D-FC0CC20DC623}.Release|Any CPU.Build.0 = Release|Any CPU
	EndGlobalSection
	GlobalSection(SolutionProperties) = preSolution
		HideSolutionNode = FALSE
	EndGlobalSection
	GlobalSection(MonoDevelopProperties) = preSolution
		StartupItem = Assembly-CSharp.csproj
	EndGlobalSection
EndGlobal
