Microsoft Visual Studio Solution File, Format Version 11.00
# Visual Studio 2008

Project("{37A05C27-D6D4-55B4-FF89-8561C31C5C3B}") = "Mummified", "Assembly-CSharp.csproj", "{5FBD1C16-FB34-F701-6F17-91BA26C29DB0}"
EndProject
Global
	GlobalSection(SolutionConfigurationPlatforms) = preSolution
		Debug|Any CPU = Debug|Any CPU
		Release|Any CPU = Release|Any CPU
	EndGlobalSection
	GlobalSection(ProjectConfigurationPlatforms) = postSolution
		{5FBD1C16-FB34-F701-6F17-91BA26C29DB0}.Debug|Any CPU.ActiveCfg = Debug|Any CPU
		{5FBD1C16-FB34-F701-6F17-91BA26C29DB0}.Debug|Any CPU.Build.0 = Debug|Any CPU
		{5FBD1C16-FB34-F701-6F17-91BA26C29DB0}.Release|Any CPU.ActiveCfg = Release|Any CPU
		{5FBD1C16-FB34-F701-6F17-91BA26C29DB0}.Release|Any CPU.Build.0 = Release|Any CPU
	EndGlobalSection
	GlobalSection(SolutionProperties) = preSolution
		HideSolutionNode = FALSE
	EndGlobalSection
	GlobalSection(MonoDevelopProperties) = preSolution
		StartupItem = Assembly-CSharp.csproj
	EndGlobalSection
EndGlobal
